
Microsoft Visual Studio Solution File, Format Version 12.00
# Visual Studio Version 17
VisualStudioVersion = 17.7.33808.371
MinimumVisualStudioVersion = 10.0.40219.1
Project("{9A19103F-16F7-4668-BE54-9A1E7A4F7556}") = "SportPlusShop.API", "SportPlusShop\SportPlusShop.API.csproj", "{4D86FE9E-F1A8-4C5B-A298-6D6FF0C13D4E}"
EndProject
Global
	GlobalSection(SolutionConfigurationPlatforms) = preSolution
		Debug|Any CPU = Debug|Any CPU
		Release|Any CPU = Release|Any CPU
	EndGlobalSection
	GlobalSection(ProjectConfigurationPlatforms) = postSolution
		{4D86FE9E-F1A8-4C5B-A298-6D6FF0C13D4E}.Debug|Any CPU.ActiveCfg = Debug|Any CPU
		{4D86FE9E-F1A8-4C5B-A298-6D6FF0C13D4E}.Debug|Any CPU.Build.0 = Debug|Any CPU
		{4D86FE9E-F1A8-4C5B-A298-6D6FF0C13D4E}.Release|Any CPU.ActiveCfg = Release|Any CPU
		{4D86FE9E-F1A8-4C5B-A298-6D6FF0C13D4E}.Release|Any CPU.Build.0 = Release|Any CPU
	EndGlobalSection
	GlobalSection(SolutionProperties) = preSolution
		HideSolutionNode = FALSE
	EndGlobalSection
	GlobalSection(ExtensibilityGlobals) = postSolution
		SolutionGuid = {E2B6E819-215E-4152-8F1A-5808309DDB9B}
	EndGlobalSection
EndGlobal
