
Microsoft Visual Studio Solution File, Format Version 12.00
# Visual Studio Version 17
VisualStudioVersion = 17.0.31903.59
MinimumVisualStudioVersion = 10.0.40219.1
Project("{2150E333-8FDC-42A3-9474-1A3956D46DE8}") = "Source", "Source", "{C92FAD9B-2683-4DFB-80AA-4A5939908917}"
EndProject
Project("{FAE04EC0-301F-11D3-BF4B-00C04F79EFBC}") = "Music.API", "Source\Music.API\Music.API.csproj", "{D7923603-C499-4ACB-9B97-9D0D4E29B0A2}"
EndProject
Global
	GlobalSection(SolutionConfigurationPlatforms) = preSolution
		Debug|Any CPU = Debug|Any CPU
		Release|Any CPU = Release|Any CPU
	EndGlobalSection
	GlobalSection(ProjectConfigurationPlatforms) = postSolution
		{D7923603-C499-4ACB-9B97-9D0D4E29B0A2}.Debug|Any CPU.ActiveCfg = Debug|Any CPU
		{D7923603-C499-4ACB-9B97-9D0D4E29B0A2}.Debug|Any CPU.Build.0 = Debug|Any CPU
		{D7923603-C499-4ACB-9B97-9D0D4E29B0A2}.Release|Any CPU.ActiveCfg = Release|Any CPU
		{D7923603-C499-4ACB-9B97-9D0D4E29B0A2}.Release|Any CPU.Build.0 = Release|Any CPU
	EndGlobalSection
	GlobalSection(SolutionProperties) = preSolution
		HideSolutionNode = FALSE
	EndGlobalSection
	GlobalSection(NestedProjects) = preSolution
		{D7923603-C499-4ACB-9B97-9D0D4E29B0A2} = {C92FAD9B-2683-4DFB-80AA-4A5939908917}
	EndGlobalSection
	GlobalSection(ExtensibilityGlobals) = postSolution
		SolutionGuid = {580EE158-2E8D-4FDB-8AD0-DF2A964021FB}
	EndGlobalSection
EndGlobal
